<?xml version="1.0" encoding="utf-8"?>
<Project ToolsVersion="4.0" xmlns="http://schemas.microsoft.com/developer/msbuild/2003">
  <ItemGroup>
    <Filter Include="소스 파일">
      <UniqueIdentifier>{4FC737F1-C7A5-4376-A066-2A32D752A2FF}</UniqueIdentifier>
      <Extensions>cpp;c;cc;cxx;def;odl;idl;hpj;bat;asm;asmx</Extensions>
    </Filter>
    <Filter Include="헤더 파일">
      <UniqueIdentifier>{93995380-89BD-4b04-88EB-625FBE52EBFB}</UniqueIdentifier>
      <Extensions>h;hh;hpp;hxx;hm;inl;inc;ipp;xsd</Extensions>
    </Filter>
    <Filter Include="리소스 파일">
      <UniqueIdentifier>{67DA6AB6-F800-4c08-8B7A-83BB121AAD01}</UniqueIdentifier>
      <Extensions>rc;ico;cur;bmp;dlg;rc2;rct;bin;rgs;gif;jpg;jpeg;jpe;resx;tiff;tif;png;wav;mfcribbon-ms</Extensions>
    </Filter>
    <Filter Include="Character">
      <UniqueIdentifier>{9463140e-6c37-485d-a9ca-d0490944edfd}</UniqueIdentifier>
    </Filter>
  </ItemGroup>
  <ItemGroup>
    <ClCompile Include="C_ASEObj.cpp">
      <Filter>소스 파일</Filter>
    </ClCompile>
    <ClCompile Include="C_ASEParser.cpp">
      <Filter>소스 파일</Filter>
    </ClCompile>
    <ClCompile Include="C_BoneObj.cpp">
      <Filter>소스 파일</Filter>
    </ClCompile>
    <ClCompile Include="C_Boneparser.cpp">
      <Filter>소스 파일</Filter>
    </ClCompile>
    <ClCompile Include="C_CBYObj.cpp">
      <Filter>소스 파일</Filter>
    </ClCompile>
    <ClCompile Include="C_CBYObj_1.cpp">
      <Filter>소스 파일</Filter>
    </ClCompile>
    <ClCompile Include="C_CBYParser.cpp">
      <Filter>소스 파일</Filter>
    </ClCompile>
    <ClCompile Include="C_CBYParser_1.cpp">
      <Filter>소스 파일</Filter>
    </ClCompile>
    <ClCompile Include="C_SkinObj.cpp">
      <Filter>소스 파일</Filter>
    </ClCompile>
    <ClCompile Include="C_SkinParser.cpp">
      <Filter>소스 파일</Filter>
    </ClCompile>
    <ClCompile Include="C_CharMgr.cpp">
      <Filter>Character</Filter>
    </ClCompile>
    <ClCompile Include="C_Character.cpp">
      <Filter>Character</Filter>
    </ClCompile>
  </ItemGroup>
  <ItemGroup>
    <ClInclude Include="C_ASEObj.h">
      <Filter>헤더 파일</Filter>
    </ClInclude>
    <ClInclude Include="C_ASEParser.h">
      <Filter>헤더 파일</Filter>
    </ClInclude>
    <ClInclude Include="C_BoneObj.h">
      <Filter>헤더 파일</Filter>
    </ClInclude>
    <ClInclude Include="C_Boneparser.h">
      <Filter>헤더 파일</Filter>
    </ClInclude>
    <ClInclude Include="C_CBYObj.h">
      <Filter>헤더 파일</Filter>
    </ClInclude>
    <ClInclude Include="C_CBYObj_1.h">
      <Filter>헤더 파일</Filter>
    </ClInclude>
    <ClInclude Include="C_CBYParser.h">
      <Filter>헤더 파일</Filter>
    </ClInclude>
    <ClInclude Include="C_CBYParser_1.h">
      <Filter>헤더 파일</Filter>
    </ClInclude>
    <ClInclude Include="C_SkinObj.h">
      <Filter>헤더 파일</Filter>
    </ClInclude>
    <ClInclude Include="C_SkinParser.h">
      <Filter>헤더 파일</Filter>
    </ClInclude>
    <ClInclude Include="C_Character.h">
      <Filter>Character</Filter>
    </ClInclude>
    <ClInclude Include="C_CharMgr.h">
      <Filter>Character</Filter>
    </ClInclude>
  </ItemGroup>
</Project>