
Microsoft Visual Studio Solution File, Format Version 12.00
# Visual Studio 15
VisualStudioVersion = 15.0.28307.779
MinimumVisualStudioVersion = 10.0.40219.1
Project("{2150E333-8FDC-42A3-9474-1A3956D46DE8}") = "API Core, Game", "API Core, Game", "{2DFB5E66-BEE1-40FD-929F-D09CF9A3EE27}"
EndProject
Project("{8BC9CEB8-8B4A-11D0-8D11-00A0C91BC942}") = "CBYLib", "CBYLib\CBYLib.vcxproj", "{F33F971E-22B6-46FA-A5EA-FA1D7552F839}"
EndProject
Project("{8BC9CEB8-8B4A-11D0-8D11-00A0C91BC942}") = "CBY_GameProject", "CBY_GameProject\CBY_GameProject.vcxproj", "{346B5988-525D-4B68-BA8D-215D339480D7}"
EndProject
Project("{2150E333-8FDC-42A3-9474-1A3956D46DE8}") = "DX", "DX", "{F295BFFD-AF82-4DB8-872F-C4201FFF5D7B}"
EndProject
Project("{8BC9CEB8-8B4A-11D0-8D11-00A0C91BC942}") = "C_DXCore", "C_DXCore\C_DXCore.vcxproj", "{2407B63D-D078-4F0D-B416-487BB9D20666}"
EndProject
Project("{2150E333-8FDC-42A3-9474-1A3956D46DE8}") = "Netwark", "Netwark", "{A9730161-9415-4B6F-9B5E-9315A6FBCAAD}"
EndProject
Project("{8BC9CEB8-8B4A-11D0-8D11-00A0C91BC942}") = "CBY_2D_DX_GameProjet", "CBY_2D_DX_GameProjet\CBY_2D_DX_GameProjet.vcxproj", "{6BD1B4E3-0EBE-49AC-82A0-299F3971CE7E}"
EndProject
Project("{2150E333-8FDC-42A3-9474-1A3956D46DE8}") = "DX Engine", "DX Engine", "{32650ACF-A93B-4EE4-9738-5916E14956B1}"
	ProjectSection(SolutionItems) = preProject
		..\data\shader\LightBlendArray.txt = ..\data\shader\LightBlendArray.txt
	EndProjectSection
EndProject
Project("{2150E333-8FDC-42A3-9474-1A3956D46DE8}") = "GameProject", "GameProject", "{C1C43007-005C-4681-B389-4BD3FA1D2908}"
EndProject
Project("{2150E333-8FDC-42A3-9474-1A3956D46DE8}") = "DLL", "DLL", "{9D151E1F-E6D8-46CF-AEC9-656F14B0776B}"
EndProject
Project("{8BC9CEB8-8B4A-11D0-8D11-00A0C91BC942}") = "CBY_SkinExport", "CBY_SkinExport\CBY_SkinExport.vcxproj", "{030F2DA2-55AA-4576-84F0-D2492287885E}"
EndProject
Project("{2150E333-8FDC-42A3-9474-1A3956D46DE8}") = "Tool", "Tool", "{E09E62FB-1CD1-4344-9133-26026FB4523F}"
EndProject
Project("{8BC9CEB8-8B4A-11D0-8D11-00A0C91BC942}") = "CBY_Tool", "CBY_Tool\CBY_Tool.vcxproj", "{2F274A75-193D-4A0A-A2E0-B53AFF85FDC8}"
EndProject
Project("{8BC9CEB8-8B4A-11D0-8D11-00A0C91BC942}") = "CBY_CharacterTool", "CBY_CharacterTool\CBY_CharacterTool.vcxproj", "{EE603B7F-6817-49BB-BCC8-FD7FF1691DAC}"
EndProject
Project("{8BC9CEB8-8B4A-11D0-8D11-00A0C91BC942}") = "CBY_MatExPort", "CBY_MatExPort\CBY_MatExPort.vcxproj", "{BA98E34D-7133-4EC6-B6D0-A85915671AC3}"
EndProject
Project("{8BC9CEB8-8B4A-11D0-8D11-00A0C91BC942}") = "CBY_ObjTool", "CBY_ObjTool\CBY_ObjTool.vcxproj", "{8CEC4F02-198C-429C-AE81-91C96CF6C47A}"
EndProject
Project("{8BC9CEB8-8B4A-11D0-8D11-00A0C91BC942}") = "C_NetLib", "C_NetLib\C_NetLib.vcxproj", "{92FBDA05-3DE6-475F-85BE-844C1548537E}"
EndProject
Project("{2150E333-8FDC-42A3-9474-1A3956D46DE8}") = "자료구조", "자료구조", "{C3A2E068-01DA-4DA8-8ADD-FCEFF6D9B878}"
EndProject
Project("{8BC9CEB8-8B4A-11D0-8D11-00A0C91BC942}") = "CBY_LinkedList", "CBY_LinkedList\CBY_LinkedList.vcxproj", "{144EC661-5640-411F-A071-7FD544F440CD}"
EndProject
Global
	GlobalSection(SolutionConfigurationPlatforms) = preSolution
		Debug|x64 = Debug|x64
		Debug|x86 = Debug|x86
		Release|x64 = Release|x64
		Release|x86 = Release|x86
	EndGlobalSection
	GlobalSection(ProjectConfigurationPlatforms) = postSolution
		{F33F971E-22B6-46FA-A5EA-FA1D7552F839}.Debug|x64.ActiveCfg = Debug|x64
		{F33F971E-22B6-46FA-A5EA-FA1D7552F839}.Debug|x64.Build.0 = Debug|x64
		{F33F971E-22B6-46FA-A5EA-FA1D7552F839}.Debug|x86.ActiveCfg = Debug|Win32
		{F33F971E-22B6-46FA-A5EA-FA1D7552F839}.Debug|x86.Build.0 = Debug|Win32
		{F33F971E-22B6-46FA-A5EA-FA1D7552F839}.Release|x64.ActiveCfg = Release|x64
		{F33F971E-22B6-46FA-A5EA-FA1D7552F839}.Release|x64.Build.0 = Release|x64
		{F33F971E-22B6-46FA-A5EA-FA1D7552F839}.Release|x86.ActiveCfg = Release|Win32
		{F33F971E-22B6-46FA-A5EA-FA1D7552F839}.Release|x86.Build.0 = Release|Win32
		{346B5988-525D-4B68-BA8D-215D339480D7}.Debug|x64.ActiveCfg = Debug|x64
		{346B5988-525D-4B68-BA8D-215D339480D7}.Debug|x64.Build.0 = Debug|x64
		{346B5988-525D-4B68-BA8D-215D339480D7}.Debug|x86.ActiveCfg = Debug|Win32
		{346B5988-525D-4B68-BA8D-215D339480D7}.Debug|x86.Build.0 = Debug|Win32
		{346B5988-525D-4B68-BA8D-215D339480D7}.Release|x64.ActiveCfg = Release|x64
		{346B5988-525D-4B68-BA8D-215D339480D7}.Release|x64.Build.0 = Release|x64
		{346B5988-525D-4B68-BA8D-215D339480D7}.Release|x86.ActiveCfg = Release|Win32
		{346B5988-525D-4B68-BA8D-215D339480D7}.Release|x86.Build.0 = Release|Win32
		{2407B63D-D078-4F0D-B416-487BB9D20666}.Debug|x64.ActiveCfg = Debug|x64
		{2407B63D-D078-4F0D-B416-487BB9D20666}.Debug|x64.Build.0 = Debug|x64
		{2407B63D-D078-4F0D-B416-487BB9D20666}.Debug|x86.ActiveCfg = Debug|Win32
		{2407B63D-D078-4F0D-B416-487BB9D20666}.Debug|x86.Build.0 = Debug|Win32
		{2407B63D-D078-4F0D-B416-487BB9D20666}.Release|x64.ActiveCfg = Release|x64
		{2407B63D-D078-4F0D-B416-487BB9D20666}.Release|x64.Build.0 = Release|x64
		{2407B63D-D078-4F0D-B416-487BB9D20666}.Release|x86.ActiveCfg = Release|Win32
		{2407B63D-D078-4F0D-B416-487BB9D20666}.Release|x86.Build.0 = Release|Win32
		{6BD1B4E3-0EBE-49AC-82A0-299F3971CE7E}.Debug|x64.ActiveCfg = Debug|x64
		{6BD1B4E3-0EBE-49AC-82A0-299F3971CE7E}.Debug|x64.Build.0 = Debug|x64
		{6BD1B4E3-0EBE-49AC-82A0-299F3971CE7E}.Debug|x86.ActiveCfg = Debug|Win32
		{6BD1B4E3-0EBE-49AC-82A0-299F3971CE7E}.Debug|x86.Build.0 = Debug|Win32
		{6BD1B4E3-0EBE-49AC-82A0-299F3971CE7E}.Release|x64.ActiveCfg = Release|x64
		{6BD1B4E3-0EBE-49AC-82A0-299F3971CE7E}.Release|x64.Build.0 = Release|x64
		{6BD1B4E3-0EBE-49AC-82A0-299F3971CE7E}.Release|x86.ActiveCfg = Release|Win32
		{6BD1B4E3-0EBE-49AC-82A0-299F3971CE7E}.Release|x86.Build.0 = Release|Win32
		{030F2DA2-55AA-4576-84F0-D2492287885E}.Debug|x64.ActiveCfg = Debug|x64
		{030F2DA2-55AA-4576-84F0-D2492287885E}.Debug|x64.Build.0 = Debug|x64
		{030F2DA2-55AA-4576-84F0-D2492287885E}.Debug|x86.ActiveCfg = Debug|Win32
		{030F2DA2-55AA-4576-84F0-D2492287885E}.Debug|x86.Build.0 = Debug|Win32
		{030F2DA2-55AA-4576-84F0-D2492287885E}.Release|x64.ActiveCfg = Release|x64
		{030F2DA2-55AA-4576-84F0-D2492287885E}.Release|x64.Build.0 = Release|x64
		{030F2DA2-55AA-4576-84F0-D2492287885E}.Release|x86.ActiveCfg = Release|Win32
		{030F2DA2-55AA-4576-84F0-D2492287885E}.Release|x86.Build.0 = Release|Win32
		{2F274A75-193D-4A0A-A2E0-B53AFF85FDC8}.Debug|x64.ActiveCfg = Debug|x64
		{2F274A75-193D-4A0A-A2E0-B53AFF85FDC8}.Debug|x64.Build.0 = Debug|x64
		{2F274A75-193D-4A0A-A2E0-B53AFF85FDC8}.Debug|x86.ActiveCfg = Debug|Win32
		{2F274A75-193D-4A0A-A2E0-B53AFF85FDC8}.Debug|x86.Build.0 = Debug|Win32
		{2F274A75-193D-4A0A-A2E0-B53AFF85FDC8}.Release|x64.ActiveCfg = Release|x64
		{2F274A75-193D-4A0A-A2E0-B53AFF85FDC8}.Release|x64.Build.0 = Release|x64
		{2F274A75-193D-4A0A-A2E0-B53AFF85FDC8}.Release|x86.ActiveCfg = Release|Win32
		{2F274A75-193D-4A0A-A2E0-B53AFF85FDC8}.Release|x86.Build.0 = Release|Win32
		{EE603B7F-6817-49BB-BCC8-FD7FF1691DAC}.Debug|x64.ActiveCfg = Debug|x64
		{EE603B7F-6817-49BB-BCC8-FD7FF1691DAC}.Debug|x64.Build.0 = Debug|x64
		{EE603B7F-6817-49BB-BCC8-FD7FF1691DAC}.Debug|x86.ActiveCfg = Debug|Win32
		{EE603B7F-6817-49BB-BCC8-FD7FF1691DAC}.Debug|x86.Build.0 = Debug|Win32
		{EE603B7F-6817-49BB-BCC8-FD7FF1691DAC}.Release|x64.ActiveCfg = Release|x64
		{EE603B7F-6817-49BB-BCC8-FD7FF1691DAC}.Release|x64.Build.0 = Release|x64
		{EE603B7F-6817-49BB-BCC8-FD7FF1691DAC}.Release|x86.ActiveCfg = Release|Win32
		{EE603B7F-6817-49BB-BCC8-FD7FF1691DAC}.Release|x86.Build.0 = Release|Win32
		{BA98E34D-7133-4EC6-B6D0-A85915671AC3}.Debug|x64.ActiveCfg = Debug|x64
		{BA98E34D-7133-4EC6-B6D0-A85915671AC3}.Debug|x64.Build.0 = Debug|x64
		{BA98E34D-7133-4EC6-B6D0-A85915671AC3}.Debug|x86.ActiveCfg = Debug|Win32
		{BA98E34D-7133-4EC6-B6D0-A85915671AC3}.Debug|x86.Build.0 = Debug|Win32
		{BA98E34D-7133-4EC6-B6D0-A85915671AC3}.Release|x64.ActiveCfg = Release|x64
		{BA98E34D-7133-4EC6-B6D0-A85915671AC3}.Release|x64.Build.0 = Release|x64
		{BA98E34D-7133-4EC6-B6D0-A85915671AC3}.Release|x86.ActiveCfg = Release|Win32
		{BA98E34D-7133-4EC6-B6D0-A85915671AC3}.Release|x86.Build.0 = Release|Win32
		{8CEC4F02-198C-429C-AE81-91C96CF6C47A}.Debug|x64.ActiveCfg = Debug|x64
		{8CEC4F02-198C-429C-AE81-91C96CF6C47A}.Debug|x64.Build.0 = Debug|x64
		{8CEC4F02-198C-429C-AE81-91C96CF6C47A}.Debug|x86.ActiveCfg = Debug|Win32
		{8CEC4F02-198C-429C-AE81-91C96CF6C47A}.Debug|x86.Build.0 = Debug|Win32
		{8CEC4F02-198C-429C-AE81-91C96CF6C47A}.Release|x64.ActiveCfg = Release|x64
		{8CEC4F02-198C-429C-AE81-91C96CF6C47A}.Release|x64.Build.0 = Release|x64
		{8CEC4F02-198C-429C-AE81-91C96CF6C47A}.Release|x86.ActiveCfg = Release|Win32
		{8CEC4F02-198C-429C-AE81-91C96CF6C47A}.Release|x86.Build.0 = Release|Win32
		{92FBDA05-3DE6-475F-85BE-844C1548537E}.Debug|x64.ActiveCfg = Debug|x64
		{92FBDA05-3DE6-475F-85BE-844C1548537E}.Debug|x64.Build.0 = Debug|x64
		{92FBDA05-3DE6-475F-85BE-844C1548537E}.Debug|x86.ActiveCfg = Debug|Win32
		{92FBDA05-3DE6-475F-85BE-844C1548537E}.Debug|x86.Build.0 = Debug|Win32
		{92FBDA05-3DE6-475F-85BE-844C1548537E}.Release|x64.ActiveCfg = Release|x64
		{92FBDA05-3DE6-475F-85BE-844C1548537E}.Release|x64.Build.0 = Release|x64
		{92FBDA05-3DE6-475F-85BE-844C1548537E}.Release|x86.ActiveCfg = Release|Win32
		{92FBDA05-3DE6-475F-85BE-844C1548537E}.Release|x86.Build.0 = Release|Win32
		{144EC661-5640-411F-A071-7FD544F440CD}.Debug|x64.ActiveCfg = Debug|x64
		{144EC661-5640-411F-A071-7FD544F440CD}.Debug|x64.Build.0 = Debug|x64
		{144EC661-5640-411F-A071-7FD544F440CD}.Debug|x86.ActiveCfg = Debug|Win32
		{144EC661-5640-411F-A071-7FD544F440CD}.Debug|x86.Build.0 = Debug|Win32
		{144EC661-5640-411F-A071-7FD544F440CD}.Release|x64.ActiveCfg = Release|x64
		{144EC661-5640-411F-A071-7FD544F440CD}.Release|x64.Build.0 = Release|x64
		{144EC661-5640-411F-A071-7FD544F440CD}.Release|x86.ActiveCfg = Release|Win32
		{144EC661-5640-411F-A071-7FD544F440CD}.Release|x86.Build.0 = Release|Win32
	EndGlobalSection
	GlobalSection(SolutionProperties) = preSolution
		HideSolutionNode = FALSE
	EndGlobalSection
	GlobalSection(NestedProjects) = preSolution
		{F33F971E-22B6-46FA-A5EA-FA1D7552F839} = {2DFB5E66-BEE1-40FD-929F-D09CF9A3EE27}
		{346B5988-525D-4B68-BA8D-215D339480D7} = {2DFB5E66-BEE1-40FD-929F-D09CF9A3EE27}
		{2407B63D-D078-4F0D-B416-487BB9D20666} = {32650ACF-A93B-4EE4-9738-5916E14956B1}
		{6BD1B4E3-0EBE-49AC-82A0-299F3971CE7E} = {C1C43007-005C-4681-B389-4BD3FA1D2908}
		{32650ACF-A93B-4EE4-9738-5916E14956B1} = {F295BFFD-AF82-4DB8-872F-C4201FFF5D7B}
		{C1C43007-005C-4681-B389-4BD3FA1D2908} = {F295BFFD-AF82-4DB8-872F-C4201FFF5D7B}
		{9D151E1F-E6D8-46CF-AEC9-656F14B0776B} = {F295BFFD-AF82-4DB8-872F-C4201FFF5D7B}
		{030F2DA2-55AA-4576-84F0-D2492287885E} = {9D151E1F-E6D8-46CF-AEC9-656F14B0776B}
		{E09E62FB-1CD1-4344-9133-26026FB4523F} = {F295BFFD-AF82-4DB8-872F-C4201FFF5D7B}
		{2F274A75-193D-4A0A-A2E0-B53AFF85FDC8} = {E09E62FB-1CD1-4344-9133-26026FB4523F}
		{EE603B7F-6817-49BB-BCC8-FD7FF1691DAC} = {E09E62FB-1CD1-4344-9133-26026FB4523F}
		{BA98E34D-7133-4EC6-B6D0-A85915671AC3} = {9D151E1F-E6D8-46CF-AEC9-656F14B0776B}
		{8CEC4F02-198C-429C-AE81-91C96CF6C47A} = {E09E62FB-1CD1-4344-9133-26026FB4523F}
		{92FBDA05-3DE6-475F-85BE-844C1548537E} = {A9730161-9415-4B6F-9B5E-9315A6FBCAAD}
		{144EC661-5640-411F-A071-7FD544F440CD} = {C3A2E068-01DA-4DA8-8ADD-FCEFF6D9B878}
	EndGlobalSection
	GlobalSection(ExtensibilityGlobals) = postSolution
		SolutionGuid = {C85A1DC7-4E52-4604-93F1-267F1E895FC8}
	EndGlobalSection
EndGlobal
