<?xml version="1.0" encoding="utf-8"?>
<Project ToolsVersion="4.0" xmlns="http://schemas.microsoft.com/developer/msbuild/2003">
  <ItemGroup>
    <Filter Include="소스 파일">
      <UniqueIdentifier>{4FC737F1-C7A5-4376-A066-2A32D752A2FF}</UniqueIdentifier>
      <Extensions>cpp;c;cc;cxx;def;odl;idl;hpj;bat;asm;asmx</Extensions>
    </Filter>
    <Filter Include="헤더 파일">
      <UniqueIdentifier>{93995380-89BD-4b04-88EB-625FBE52EBFB}</UniqueIdentifier>
      <Extensions>h;hh;hpp;hxx;hm;inl;inc;ipp;xsd</Extensions>
    </Filter>
    <Filter Include="리소스 파일">
      <UniqueIdentifier>{67DA6AB6-F800-4c08-8B7A-83BB121AAD01}</UniqueIdentifier>
      <Extensions>rc;ico;cur;bmp;dlg;rc2;rct;bin;rgs;gif;jpg;jpeg;jpe;resx;tiff;tif;png;wav;mfcribbon-ms</Extensions>
    </Filter>
    <Filter Include="PaneWindow">
      <UniqueIdentifier>{2bc1b832-fef8-4dd8-8d7e-54dfdb2434a1}</UniqueIdentifier>
    </Filter>
    <Filter Include="Box">
      <UniqueIdentifier>{2babcaf9-0bd3-4413-9f43-e830fdd7789a}</UniqueIdentifier>
    </Filter>
  </ItemGroup>
  <ItemGroup>
    <ClInclude Include="CBY_Tool.h">
      <Filter>헤더 파일</Filter>
    </ClInclude>
    <ClInclude Include="stdafx.h">
      <Filter>헤더 파일</Filter>
    </ClInclude>
    <ClInclude Include="targetver.h">
      <Filter>헤더 파일</Filter>
    </ClInclude>
    <ClInclude Include="MainFrm.h">
      <Filter>헤더 파일</Filter>
    </ClInclude>
    <ClInclude Include="CBY_ToolDoc.h">
      <Filter>헤더 파일</Filter>
    </ClInclude>
    <ClInclude Include="CBY_ToolView.h">
      <Filter>헤더 파일</Filter>
    </ClInclude>
    <ClInclude Include="Resource.h">
      <Filter>헤더 파일</Filter>
    </ClInclude>
    <ClInclude Include="OutputWnd.h">
      <Filter>헤더 파일</Filter>
    </ClInclude>
    <ClInclude Include="PropertiesWnd.h">
      <Filter>헤더 파일</Filter>
    </ClInclude>
    <ClInclude Include="CBYMapForm.h">
      <Filter>PaneWindow</Filter>
    </ClInclude>
    <ClInclude Include="CBYMapPane.h">
      <Filter>PaneWindow</Filter>
    </ClInclude>
    <ClInclude Include="CBY_CreateMap.h">
      <Filter>Box</Filter>
    </ClInclude>
    <ClInclude Include="CBY_ObjectLoad.h">
      <Filter>Box</Filter>
    </ClInclude>
    <ClInclude Include="Sample.h">
      <Filter>Box</Filter>
    </ClInclude>
    <ClInclude Include="CBY_Save.h">
      <Filter>Box</Filter>
    </ClInclude>
    <ClInclude Include="CBY_MRT.h">
      <Filter>Box</Filter>
    </ClInclude>
  </ItemGroup>
  <ItemGroup>
    <ClCompile Include="CBY_Tool.cpp">
      <Filter>소스 파일</Filter>
    </ClCompile>
    <ClCompile Include="stdafx.cpp">
      <Filter>소스 파일</Filter>
    </ClCompile>
    <ClCompile Include="MainFrm.cpp">
      <Filter>소스 파일</Filter>
    </ClCompile>
    <ClCompile Include="CBY_ToolDoc.cpp">
      <Filter>소스 파일</Filter>
    </ClCompile>
    <ClCompile Include="CBY_ToolView.cpp">
      <Filter>소스 파일</Filter>
    </ClCompile>
    <ClCompile Include="OutputWnd.cpp">
      <Filter>소스 파일</Filter>
    </ClCompile>
    <ClCompile Include="PropertiesWnd.cpp">
      <Filter>소스 파일</Filter>
    </ClCompile>
    <ClCompile Include="CBYMapForm.cpp">
      <Filter>PaneWindow</Filter>
    </ClCompile>
    <ClCompile Include="CBYMapPane.cpp">
      <Filter>PaneWindow</Filter>
    </ClCompile>
    <ClCompile Include="CBY_CreateMap.cpp">
      <Filter>Box</Filter>
    </ClCompile>
    <ClCompile Include="CBY_ObjectLoad.cpp">
      <Filter>Box</Filter>
    </ClCompile>
    <ClCompile Include="Sample.cpp">
      <Filter>Box</Filter>
    </ClCompile>
    <ClCompile Include="CBY_Save.cpp">
      <Filter>Box</Filter>
    </ClCompile>
    <ClCompile Include="CBY_MRT.cpp">
      <Filter>Box</Filter>
    </ClCompile>
  </ItemGroup>
  <ItemGroup>
    <ResourceCompile Include="CBYTool.rc">
      <Filter>리소스 파일</Filter>
    </ResourceCompile>
  </ItemGroup>
  <ItemGroup>
    <Image Include="res\output_wnd.ico">
      <Filter>리소스 파일</Filter>
    </Image>
    <Image Include="res\output_wnd_hc.ico">
      <Filter>리소스 파일</Filter>
    </Image>
    <Image Include="res\properties_wnd.ico">
      <Filter>리소스 파일</Filter>
    </Image>
    <Image Include="res\properties_wnd_hc.ico">
      <Filter>리소스 파일</Filter>
    </Image>
    <Image Include="res\properties.bmp">
      <Filter>리소스 파일</Filter>
    </Image>
    <Image Include="res\properties_hc.bmp">
      <Filter>리소스 파일</Filter>
    </Image>
    <Image Include="res\userimages.bmp">
      <Filter>리소스 파일</Filter>
    </Image>
    <Image Include="res\CBY_ToolDoc.ico">
      <Filter>리소스 파일</Filter>
    </Image>
    <Image Include="res\CBY_Tool.ico">
      <Filter>리소스 파일</Filter>
    </Image>
    <Image Include="res\Toolbar.bmp">
      <Filter>리소스 파일</Filter>
    </Image>
    <Image Include="res\Toolbar256.bmp">
      <Filter>리소스 파일</Filter>
    </Image>
  </ItemGroup>
  <ItemGroup>
    <None Include="res\CBYTool.rc2">
      <Filter>리소스 파일</Filter>
    </None>
  </ItemGroup>
  <ItemGroup>
    <Text Include="..\..\data\shader\ShadowShader.txt" />
    <Text Include="..\..\data\shader\MapToolShader_1.txt" />
  </ItemGroup>
  <ItemGroup>
    <FxCompile Include="..\..\data\shader\ComputeAlpha.hlsl" />
  </ItemGroup>
</Project>